// !$*UTF8*$!
{
	archiveVersion = 1;
	classes = {
	};
	objectVersion = 45;
	objects = {

/* Begin PBXBuildFile section */
		7966653B10841C55007992BB /* libSimpleTidbits.a in Frameworks */ = {isa = PBXBuildFile; fileRef = 7966653A10841C4F007992BB /* libSimpleTidbits.a */; };
		7966654F10841D89007992BB /* QuartzCore.framework in Frameworks */ = {isa = PBXBuildFile; fileRef = 7966654E10841D89007992BB /* QuartzCore.framework */; };
		79666554108425E1007992BB /* STRemoteData.h in Headers */ = {isa = PBXBuildFile; fileRef = 79666552108425E1007992BB /* STRemoteData.h */; };
		79666555108425E1007992BB /* STRemoteData.m in Sources */ = {isa = PBXBuildFile; fileRef = 79666553108425E1007992BB /* STRemoteData.m */; };
		79ABA86710CE07D800BCD74A /* STRemoteSignUpControllerProtocol.h in Headers */ = {isa = PBXBuildFile; fileRef = 79ABA86610CE07D800BCD74A /* STRemoteSignUpControllerProtocol.h */; };
		79C75426108A86F600A99238 /* STRemoteUser.h in Headers */ = {isa = PBXBuildFile; fileRef = 79C75424108A86F600A99238 /* STRemoteUser.h */; };
		79C75427108A86F600A99238 /* STRemoteUser.m in Sources */ = {isa = PBXBuildFile; fileRef = 79C75425108A86F600A99238 /* STRemoteUser.m */; };
		79C75445108BA7D000A99238 /* STRemoteLoginControllerProtocol.h in Headers */ = {isa = PBXBuildFile; fileRef = 79C75444108BA7D000A99238 /* STRemoteLoginControllerProtocol.h */; };
		79C75448108BB3FE00A99238 /* STRemoteLoginViewController.h in Headers */ = {isa = PBXBuildFile; fileRef = 79C75446108BB3FE00A99238 /* STRemoteLoginViewController.h */; };
		79C75449108BB3FE00A99238 /* STRemoteLoginViewController.m in Sources */ = {isa = PBXBuildFile; fileRef = 79C75447108BB3FE00A99238 /* STRemoteLoginViewController.m */; };
		AA747D9F0F9514B9006C5449 /* STAuthKit_Prefix.pch in Headers */ = {isa = PBXBuildFile; fileRef = AA747D9E0F9514B9006C5449 /* STAuthKit_Prefix.pch */; };
		AACBBE4A0F95108600F1A2B1 /* Foundation.framework in Frameworks */ = {isa = PBXBuildFile; fileRef = AACBBE490F95108600F1A2B1 /* Foundation.framework */; };
/* End PBXBuildFile section */

/* Begin PBXContainerItemProxy section */
		7966653910841C4F007992BB /* PBXContainerItemProxy */ = {
			isa = PBXContainerItemProxy;
			containerPortal = 7966653210841C4F007992BB /* SimpleTidbits.xcodeproj */;
			proxyType = 2;
			remoteGlobalIDString = D2AAC07E0554694100DB518D;
			remoteInfo = SimpleTidbits;
		};
		7966654210841C71007992BB /* PBXContainerItemProxy */ = {
			isa = PBXContainerItemProxy;
			containerPortal = 7966653210841C4F007992BB /* SimpleTidbits.xcodeproj */;
			proxyType = 1;
			remoteGlobalIDString = D2AAC07D0554694100DB518D;
			remoteInfo = SimpleTidbits;
		};
/* End PBXContainerItemProxy section */

/* Begin PBXFileReference section */
		7966653210841C4F007992BB /* SimpleTidbits.xcodeproj */ = {isa = PBXFileReference; lastKnownFileType = "wrapper.pb-project"; name = SimpleTidbits.xcodeproj; path = ../SimpleTidbits/SimpleTidbits.xcodeproj; sourceTree = SOURCE_ROOT; };
		7966654E10841D89007992BB /* QuartzCore.framework */ = {isa = PBXFileReference; lastKnownFileType = wrapper.framework; name = QuartzCore.framework; path = /System/Library/Frameworks/QuartzCore.framework; sourceTree = "<absolute>"; };
		79666552108425E1007992BB /* STRemoteData.h */ = {isa = PBXFileReference; fileEncoding = 4; lastKnownFileType = sourcecode.c.h; path = STRemoteData.h; sourceTree = "<group>"; };
		79666553108425E1007992BB /* STRemoteData.m */ = {isa = PBXFileReference; fileEncoding = 4; lastKnownFileType = sourcecode.c.objc; path = STRemoteData.m; sourceTree = "<group>"; };
		79ABA86610CE07D800BCD74A /* STRemoteSignUpControllerProtocol.h */ = {isa = PBXFileReference; fileEncoding = 4; lastKnownFileType = sourcecode.c.h; path = STRemoteSignUpControllerProtocol.h; sourceTree = "<group>"; };
		79C75424108A86F600A99238 /* STRemoteUser.h */ = {isa = PBXFileReference; fileEncoding = 4; lastKnownFileType = sourcecode.c.h; path = STRemoteUser.h; sourceTree = "<group>"; };
		79C75425108A86F600A99238 /* STRemoteUser.m */ = {isa = PBXFileReference; fileEncoding = 4; lastKnownFileType = sourcecode.c.objc; path = STRemoteUser.m; sourceTree = "<group>"; };
		79C75444108BA7D000A99238 /* STRemoteLoginControllerProtocol.h */ = {isa = PBXFileReference; fileEncoding = 4; lastKnownFileType = sourcecode.c.h; path = STRemoteLoginControllerProtocol.h; sourceTree = "<group>"; };
		79C75446108BB3FE00A99238 /* STRemoteLoginViewController.h */ = {isa = PBXFileReference; fileEncoding = 4; lastKnownFileType = sourcecode.c.h; path = STRemoteLoginViewController.h; sourceTree = "<group>"; };
		79C75447108BB3FE00A99238 /* STRemoteLoginViewController.m */ = {isa = PBXFileReference; fileEncoding = 4; lastKnownFileType = sourcecode.c.objc; path = STRemoteLoginViewController.m; sourceTree = "<group>"; };
		AA747D9E0F9514B9006C5449 /* STAuthKit_Prefix.pch */ = {isa = PBXFileReference; fileEncoding = 4; lastKnownFileType = sourcecode.c.h; path = STAuthKit_Prefix.pch; sourceTree = SOURCE_ROOT; };
		AACBBE490F95108600F1A2B1 /* Foundation.framework */ = {isa = PBXFileReference; lastKnownFileType = wrapper.framework; name = Foundation.framework; path = System/Library/Frameworks/Foundation.framework; sourceTree = SDKROOT; };
		D2AAC07E0554694100DB518D /* libSTAuthKit.a */ = {isa = PBXFileReference; explicitFileType = archive.ar; includeInIndex = 0; path = libSTAuthKit.a; sourceTree = BUILT_PRODUCTS_DIR; };
/* End PBXFileReference section */

/* Begin PBXFrameworksBuildPhase section */
		D2AAC07C0554694100DB518D /* Frameworks */ = {
			isa = PBXFrameworksBuildPhase;
			buildActionMask = 2147483647;
			files = (
				AACBBE4A0F95108600F1A2B1 /* Foundation.framework in Frameworks */,
				7966653B10841C55007992BB /* libSimpleTidbits.a in Frameworks */,
				7966654F10841D89007992BB /* QuartzCore.framework in Frameworks */,
			);
			runOnlyForDeploymentPostprocessing = 0;
		};
/* End PBXFrameworksBuildPhase section */

/* Begin PBXGroup section */
		034768DFFF38A50411DB9C8B /* Products */ = {
			isa = PBXGroup;
			children = (
				D2AAC07E0554694100DB518D /* libSTAuthKit.a */,
			);
			name = Products;
			sourceTree = "<group>";
		};
		0867D691FE84028FC02AAC07 /* STAuthKit */ = {
			isa = PBXGroup;
			children = (
				08FB77AEFE84172EC02AAC07 /* Classes */,
				32C88DFF0371C24200C91783 /* Other Sources */,
				0867D69AFE84028FC02AAC07 /* Frameworks */,
				034768DFFF38A50411DB9C8B /* Products */,
			);
			name = STAuthKit;
			sourceTree = "<group>";
		};
		0867D69AFE84028FC02AAC07 /* Frameworks */ = {
			isa = PBXGroup;
			children = (
				7966653210841C4F007992BB /* SimpleTidbits.xcodeproj */,
				AACBBE490F95108600F1A2B1 /* Foundation.framework */,
				7966654E10841D89007992BB /* QuartzCore.framework */,
			);
			name = Frameworks;
			sourceTree = "<group>";
		};
		08FB77AEFE84172EC02AAC07 /* Classes */ = {
			isa = PBXGroup;
			children = (
				79666552108425E1007992BB /* STRemoteData.h */,
				79666553108425E1007992BB /* STRemoteData.m */,
				79C75424108A86F600A99238 /* STRemoteUser.h */,
				79C75425108A86F600A99238 /* STRemoteUser.m */,
				79C75444108BA7D000A99238 /* STRemoteLoginControllerProtocol.h */,
				79ABA86610CE07D800BCD74A /* STRemoteSignUpControllerProtocol.h */,
				79C75446108BB3FE00A99238 /* STRemoteLoginViewController.h */,
				79C75447108BB3FE00A99238 /* STRemoteLoginViewController.m */,
			);
			name = Classes;
			sourceTree = "<group>";
		};
		32C88DFF0371C24200C91783 /* Other Sources */ = {
			isa = PBXGroup;
			children = (
				AA747D9E0F9514B9006C5449 /* STAuthKit_Prefix.pch */,
			);
			name = "Other Sources";
			sourceTree = "<group>";
		};
		7966653310841C4F007992BB /* Products */ = {
			isa = PBXGroup;
			children = (
				7966653A10841C4F007992BB /* libSimpleTidbits.a */,
			);
			name = Products;
			sourceTree = "<group>";
		};
/* End PBXGroup section */

/* Begin PBXHeadersBuildPhase section */
		D2AAC07A0554694100DB518D /* Headers */ = {
			isa = PBXHeadersBuildPhase;
			buildActionMask = 2147483647;
			files = (
				AA747D9F0F9514B9006C5449 /* STAuthKit_Prefix.pch in Headers */,
				79666554108425E1007992BB /* STRemoteData.h in Headers */,
				79C75426108A86F600A99238 /* STRemoteUser.h in Headers */,
				79C75445108BA7D000A99238 /* STRemoteLoginControllerProtocol.h in Headers */,
				79C75448108BB3FE00A99238 /* STRemoteLoginViewController.h in Headers */,
				79ABA86710CE07D800BCD74A /* STRemoteSignUpControllerProtocol.h in Headers */,
			);
			runOnlyForDeploymentPostprocessing = 0;
		};
/* End PBXHeadersBuildPhase section */

/* Begin PBXNativeTarget section */
		D2AAC07D0554694100DB518D /* STAuthKit */ = {
			isa = PBXNativeTarget;
			buildConfigurationList = 1DEB921E08733DC00010E9CD /* Build configuration list for PBXNativeTarget "STAuthKit" */;
			buildPhases = (
				D2AAC07A0554694100DB518D /* Headers */,
				D2AAC07B0554694100DB518D /* Sources */,
				D2AAC07C0554694100DB518D /* Frameworks */,
			);
			buildRules = (
			);
			dependencies = (
				7966654310841C71007992BB /* PBXTargetDependency */,
			);
			name = STAuthKit;
			productName = STAuthKit;
			productReference = D2AAC07E0554694100DB518D /* libSTAuthKit.a */;
			productType = "com.apple.product-type.library.static";
		};
/* End PBXNativeTarget section */

/* Begin PBXProject section */
		0867D690FE84028FC02AAC07 /* Project object */ = {
			isa = PBXProject;
			buildConfigurationList = 1DEB922208733DC00010E9CD /* Build configuration list for PBXProject "STAuthKit" */;
			compatibilityVersion = "Xcode 3.1";
			hasScannedForEncodings = 1;
			mainGroup = 0867D691FE84028FC02AAC07 /* STAuthKit */;
			productRefGroup = 034768DFFF38A50411DB9C8B /* Products */;
			projectDirPath = "";
			projectReferences = (
				{
					ProductGroup = 7966653310841C4F007992BB /* Products */;
					ProjectRef = 7966653210841C4F007992BB /* SimpleTidbits.xcodeproj */;
				},
			);
			projectRoot = "";
			targets = (
				D2AAC07D0554694100DB518D /* STAuthKit */,
			);
		};
/* End PBXProject section */

/* Begin PBXReferenceProxy section */
		7966653A10841C4F007992BB /* libSimpleTidbits.a */ = {
			isa = PBXReferenceProxy;
			fileType = archive.ar;
			path = libSimpleTidbits.a;
			remoteRef = 7966653910841C4F007992BB /* PBXContainerItemProxy */;
			sourceTree = BUILT_PRODUCTS_DIR;
		};
/* End PBXReferenceProxy section */

/* Begin PBXSourcesBuildPhase section */
		D2AAC07B0554694100DB518D /* Sources */ = {
			isa = PBXSourcesBuildPhase;
			buildActionMask = 2147483647;
			files = (
				79666555108425E1007992BB /* STRemoteData.m in Sources */,
				79C75427108A86F600A99238 /* STRemoteUser.m in Sources */,
				79C75449108BB3FE00A99238 /* STRemoteLoginViewController.m in Sources */,
			);
			runOnlyForDeploymentPostprocessing = 0;
		};
/* End PBXSourcesBuildPhase section */

/* Begin PBXTargetDependency section */
		7966654310841C71007992BB /* PBXTargetDependency */ = {
			isa = PBXTargetDependency;
			name = SimpleTidbits;
			targetProxy = 7966654210841C71007992BB /* PBXContainerItemProxy */;
		};
/* End PBXTargetDependency section */

/* Begin XCBuildConfiguration section */
		1DEB921F08733DC00010E9CD /* Debug */ = {
			isa = XCBuildConfiguration;
			buildSettings = {
				ALWAYS_SEARCH_USER_PATHS = NO;
				ARCHS = "$(ARCHS_STANDARD_32_BIT)";
				COPY_PHASE_STRIP = NO;
				DSTROOT = /tmp/STAuthKit.dst;
				GCC_DYNAMIC_NO_PIC = NO;
				GCC_ENABLE_FIX_AND_CONTINUE = YES;
				GCC_MODEL_TUNING = G5;
				GCC_OPTIMIZATION_LEVEL = 0;
				GCC_PRECOMPILE_PREFIX_HEADER = YES;
				GCC_PREFIX_HEADER = STAuthKit_Prefix.pch;
				INSTALL_PATH = /usr/local/lib;
				PRODUCT_NAME = STAuthKit;
			};
			name = Debug;
		};
		1DEB922008733DC00010E9CD /* Release */ = {
			isa = XCBuildConfiguration;
			buildSettings = {
				ALWAYS_SEARCH_USER_PATHS = NO;
				ARCHS = "$(ARCHS_STANDARD_32_BIT)";
				DSTROOT = /tmp/STAuthKit.dst;
				GCC_MODEL_TUNING = G5;
				GCC_PRECOMPILE_PREFIX_HEADER = YES;
				GCC_PREFIX_HEADER = STAuthKit_Prefix.pch;
				INSTALL_PATH = /usr/local/lib;
				PRODUCT_NAME = STAuthKit;
			};
			name = Release;
		};
		1DEB922308733DC00010E9CD /* Debug */ = {
			isa = XCBuildConfiguration;
			buildSettings = {
				ARCHS = "$(ARCHS_STANDARD_32_BIT)";
				GCC_C_LANGUAGE_STANDARD = c99;
				GCC_OPTIMIZATION_LEVEL = 0;
				GCC_WARN_ABOUT_RETURN_TYPE = YES;
				GCC_WARN_UNUSED_VARIABLE = YES;
				HEADER_SEARCH_PATHS = ..;
				OTHER_LDFLAGS = "-ObjC";
				PREBINDING = NO;
				SDKROOT = iphoneos3.1;
			};
			name = Debug;
		};
		1DEB922408733DC00010E9CD /* Release */ = {
			isa = XCBuildConfiguration;
			buildSettings = {
				ARCHS = "$(ARCHS_STANDARD_32_BIT)";
				GCC_C_LANGUAGE_STANDARD = c99;
				GCC_WARN_ABOUT_RETURN_TYPE = YES;
				GCC_WARN_UNUSED_VARIABLE = YES;
				OTHER_LDFLAGS = "-ObjC";
				PREBINDING = NO;
				SDKROOT = iphoneos3.1;
			};
			name = Release;
		};
/* End XCBuildConfiguration section */

/* Begin XCConfigurationList section */
		1DEB921E08733DC00010E9CD /* Build configuration list for PBXNativeTarget "STAuthKit" */ = {
			isa = XCConfigurationList;
			buildConfigurations = (
				1DEB921F08733DC00010E9CD /* Debug */,
				1DEB922008733DC00010E9CD /* Release */,
			);
			defaultConfigurationIsVisible = 0;
			defaultConfigurationName = Release;
		};
		1DEB922208733DC00010E9CD /* Build configuration list for PBXProject "STAuthKit" */ = {
			isa = XCConfigurationList;
			buildConfigurations = (
				1DEB922308733DC00010E9CD /* Debug */,
				1DEB922408733DC00010E9CD /* Release */,
			);
			defaultConfigurationIsVisible = 0;
			defaultConfigurationName = Release;
		};
/* End XCConfigurationList section */
	};
	rootObject = 0867D690FE84028FC02AAC07 /* Project object */;
}
